{
    "version": 3,
    "terraform_version": "0.11.8",
    "serial": 6,
    "lineage": "4f1c0ae6-0ea9-e590-a9ba-ab5ee6c3b691",
    "modules": [
        {
            "path": [
                "root"
            ],
            "outputs": {},
            "resources": {},
            "depends_on": []
        },
        {
            "path": [
                "root",
                "instances"
            ],
            "outputs": {},
            "resources": {
                "google_compute_firewall.default": {
                    "type": "google_compute_firewall",
                    "depends_on": [],
                    "primary": {
                        "id": "test-firewall",
                        "attributes": {
                            "allow.#": "2",
                            "allow.1249999313.ports.#": "1",
                            "allow.1249999313.ports.0": "1-65535",
                            "allow.1249999313.protocol": "tcp",
                            "allow.1367131964.ports.#": "0",
                            "allow.1367131964.protocol": "icmp",
                            "creation_timestamp": "2018-08-27T07:58:20.268-07:00",
                            "deny.#": "0",
                            "description": "",
                            "destination_ranges.#": "0",
                            "direction": "INGRESS",
                            "disabled": "false",
                            "id": "test-firewall",
                            "name": "test-firewall",
                            "network": "https://www.googleapis.com/compute/v1/projects/aecio-pires/global/networks/default",
                            "priority": "1000",
                            "project": "aecio-pires",
                            "self_link": "https://www.googleapis.com/compute/v1/projects/aecio-pires/global/firewalls/test-firewall",
                            "source_ranges.#": "0",
                            "source_service_accounts.#": "0",
                            "source_tags.#": "1",
                            "source_tags.1670399626": "allowall",
                            "target_service_accounts.#": "0",
                            "target_tags.#": "0"
                        },
                        "meta": {
                            "e2bfb730-ecaa-11e6-8f88-34363bc7c4c0": {
                                "create": 240000000000,
                                "delete": 240000000000,
                                "update": 240000000000
                            },
                            "schema_version": "1"
                        },
                        "tainted": false
                    },
                    "deposed": [],
                    "provider": "provider.google"
                },
                "google_compute_instance.instance1": {
                    "type": "google_compute_instance",
                    "depends_on": [],
                    "primary": {
                        "id": "ci-server2",
                        "attributes": {
                            "attached_disk.#": "0",
                            "boot_disk.#": "1",
                            "boot_disk.0.auto_delete": "true",
                            "boot_disk.0.device_name": "persistent-disk-0",
                            "boot_disk.0.disk_encryption_key_raw": "",
                            "boot_disk.0.disk_encryption_key_sha256": "",
                            "boot_disk.0.initialize_params.#": "1",
                            "boot_disk.0.initialize_params.0.image": "https://www.googleapis.com/compute/v1/projects/ubuntu-os-cloud/global/images/ubuntu-1804-bionic-v20180823",
                            "boot_disk.0.initialize_params.0.size": "10",
                            "boot_disk.0.initialize_params.0.type": "pd-standard",
                            "boot_disk.0.source": "https://www.googleapis.com/compute/v1/projects/aecio-pires/zones/us-central1-c/disks/ci-server2",
                            "can_ip_forward": "false",
                            "cpu_platform": "Intel Haswell",
                            "create_timeout": "4",
                            "deletion_protection": "false",
                            "guest_accelerator.#": "0",
                            "id": "ci-server2",
                            "instance_id": "5842657900059275106",
                            "label_fingerprint": "42WmSpB8rSM=",
                            "labels.%": "0",
                            "machine_type": "n1-standard-1",
                            "metadata.%": "0",
                            "metadata_fingerprint": "hEr_lkRAQLM=",
                            "metadata_startup_script": "",
                            "min_cpu_platform": "",
                            "name": "ci-server2",
                            "network_interface.#": "1",
                            "network_interface.0.access_config.#": "0",
                            "network_interface.0.address": "10.128.0.6",
                            "network_interface.0.alias_ip_range.#": "0",
                            "network_interface.0.name": "nic0",
                            "network_interface.0.network": "https://www.googleapis.com/compute/v1/projects/aecio-pires/global/networks/default",
                            "network_interface.0.network_ip": "10.128.0.6",
                            "network_interface.0.subnetwork": "https://www.googleapis.com/compute/v1/projects/aecio-pires/regions/us-central1/subnetworks/default",
                            "network_interface.0.subnetwork_project": "aecio-pires",
                            "project": "aecio-pires",
                            "scheduling.#": "1",
                            "scheduling.0.automatic_restart": "false",
                            "scheduling.0.on_host_maintenance": "MIGRATE",
                            "scheduling.0.preemptible": "false",
                            "scratch_disk.#": "0",
                            "self_link": "https://www.googleapis.com/compute/v1/projects/aecio-pires/zones/us-central1-c/instances/ci-server2",
                            "service_account.#": "0",
                            "tags.#": "3",
                            "tags.1287038599": "livro",
                            "tags.3632233996": "test",
                            "tags.969816526": "terraform",
                            "tags_fingerprint": "JfGIzlCCH_Q=",
                            "zone": "us-central1-c"
                        },
                        "meta": {
                            "e2bfb730-ecaa-11e6-8f88-34363bc7c4c0": {
                                "create": 360000000000,
                                "delete": 360000000000,
                                "update": 360000000000
                            },
                            "schema_version": "6"
                        },
                        "tainted": false
                    },
                    "deposed": [],
                    "provider": "provider.google"
                },
                "google_compute_instance.instance2": {
                    "type": "google_compute_instance",
                    "depends_on": [],
                    "primary": {
                        "id": "code2",
                        "attributes": {
                            "attached_disk.#": "0",
                            "boot_disk.#": "1",
                            "boot_disk.0.auto_delete": "true",
                            "boot_disk.0.device_name": "persistent-disk-0",
                            "boot_disk.0.disk_encryption_key_raw": "",
                            "boot_disk.0.disk_encryption_key_sha256": "",
                            "boot_disk.0.initialize_params.#": "1",
                            "boot_disk.0.initialize_params.0.image": "https://www.googleapis.com/compute/v1/projects/ubuntu-os-cloud/global/images/ubuntu-1804-bionic-v20180823",
                            "boot_disk.0.initialize_params.0.size": "10",
                            "boot_disk.0.initialize_params.0.type": "pd-standard",
                            "boot_disk.0.source": "https://www.googleapis.com/compute/v1/projects/aecio-pires/zones/us-central1-c/disks/code2",
                            "can_ip_forward": "false",
                            "cpu_platform": "Intel Haswell",
                            "create_timeout": "4",
                            "deletion_protection": "false",
                            "guest_accelerator.#": "0",
                            "id": "code2",
                            "instance_id": "6682673676894711650",
                            "label_fingerprint": "42WmSpB8rSM=",
                            "labels.%": "0",
                            "machine_type": "n1-standard-1",
                            "metadata.%": "0",
                            "metadata_fingerprint": "hEr_lkRAQLM=",
                            "metadata_startup_script": "",
                            "min_cpu_platform": "",
                            "name": "code2",
                            "network_interface.#": "1",
                            "network_interface.0.access_config.#": "0",
                            "network_interface.0.address": "10.128.0.7",
                            "network_interface.0.alias_ip_range.#": "0",
                            "network_interface.0.name": "nic0",
                            "network_interface.0.network": "https://www.googleapis.com/compute/v1/projects/aecio-pires/global/networks/default",
                            "network_interface.0.network_ip": "10.128.0.7",
                            "network_interface.0.subnetwork": "https://www.googleapis.com/compute/v1/projects/aecio-pires/regions/us-central1/subnetworks/default",
                            "network_interface.0.subnetwork_project": "aecio-pires",
                            "project": "aecio-pires",
                            "scheduling.#": "1",
                            "scheduling.0.automatic_restart": "false",
                            "scheduling.0.on_host_maintenance": "MIGRATE",
                            "scheduling.0.preemptible": "false",
                            "scratch_disk.#": "0",
                            "self_link": "https://www.googleapis.com/compute/v1/projects/aecio-pires/zones/us-central1-c/instances/code2",
                            "service_account.#": "0",
                            "tags.#": "3",
                            "tags.1287038599": "livro",
                            "tags.3632233996": "test",
                            "tags.969816526": "terraform",
                            "tags_fingerprint": "JfGIzlCCH_Q=",
                            "zone": "us-central1-c"
                        },
                        "meta": {
                            "e2bfb730-ecaa-11e6-8f88-34363bc7c4c0": {
                                "create": 360000000000,
                                "delete": 360000000000,
                                "update": 360000000000
                            },
                            "schema_version": "6"
                        },
                        "tainted": false
                    },
                    "deposed": [],
                    "provider": "provider.google"
                },
                "google_compute_instance.instance3": {
                    "type": "google_compute_instance",
                    "depends_on": [],
                    "primary": {
                        "id": "node-ubuntu2",
                        "attributes": {
                            "attached_disk.#": "0",
                            "boot_disk.#": "1",
                            "boot_disk.0.auto_delete": "true",
                            "boot_disk.0.device_name": "persistent-disk-0",
                            "boot_disk.0.disk_encryption_key_raw": "",
                            "boot_disk.0.disk_encryption_key_sha256": "",
                            "boot_disk.0.initialize_params.#": "1",
                            "boot_disk.0.initialize_params.0.image": "https://www.googleapis.com/compute/v1/projects/ubuntu-os-cloud/global/images/ubuntu-1804-bionic-v20180823",
                            "boot_disk.0.initialize_params.0.size": "10",
                            "boot_disk.0.initialize_params.0.type": "pd-standard",
                            "boot_disk.0.source": "https://www.googleapis.com/compute/v1/projects/aecio-pires/zones/us-central1-c/disks/node-ubuntu2",
                            "can_ip_forward": "false",
                            "cpu_platform": "Intel Haswell",
                            "create_timeout": "4",
                            "deletion_protection": "false",
                            "guest_accelerator.#": "0",
                            "id": "node-ubuntu2",
                            "instance_id": "914938992467226466",
                            "label_fingerprint": "42WmSpB8rSM=",
                            "labels.%": "0",
                            "machine_type": "n1-standard-1",
                            "metadata.%": "0",
                            "metadata_fingerprint": "hEr_lkRAQLM=",
                            "metadata_startup_script": "",
                            "min_cpu_platform": "",
                            "name": "node-ubuntu2",
                            "network_interface.#": "1",
                            "network_interface.0.access_config.#": "0",
                            "network_interface.0.address": "10.128.0.5",
                            "network_interface.0.alias_ip_range.#": "0",
                            "network_interface.0.name": "nic0",
                            "network_interface.0.network": "https://www.googleapis.com/compute/v1/projects/aecio-pires/global/networks/default",
                            "network_interface.0.network_ip": "10.128.0.5",
                            "network_interface.0.subnetwork": "https://www.googleapis.com/compute/v1/projects/aecio-pires/regions/us-central1/subnetworks/default",
                            "network_interface.0.subnetwork_project": "aecio-pires",
                            "project": "aecio-pires",
                            "scheduling.#": "1",
                            "scheduling.0.automatic_restart": "false",
                            "scheduling.0.on_host_maintenance": "MIGRATE",
                            "scheduling.0.preemptible": "false",
                            "scratch_disk.#": "0",
                            "self_link": "https://www.googleapis.com/compute/v1/projects/aecio-pires/zones/us-central1-c/instances/node-ubuntu2",
                            "service_account.#": "0",
                            "tags.#": "3",
                            "tags.1287038599": "livro",
                            "tags.3632233996": "test",
                            "tags.969816526": "terraform",
                            "tags_fingerprint": "JfGIzlCCH_Q=",
                            "zone": "us-central1-c"
                        },
                        "meta": {
                            "e2bfb730-ecaa-11e6-8f88-34363bc7c4c0": {
                                "create": 360000000000,
                                "delete": 360000000000,
                                "update": 360000000000
                            },
                            "schema_version": "6"
                        },
                        "tainted": false
                    },
                    "deposed": [],
                    "provider": "provider.google"
                }
            },
            "depends_on": []
        }
    ]
}
